
Microsoft Visual Studio Solution File, Format Version 12.00
# Visual Studio 15
VisualStudioVersion = 15.0.27428.2037
MinimumVisualStudioVersion = 10.0.40219.1
Project("{9A19103F-16F7-4668-BE54-9A1E7A4F7556}") = "GettingStarted", "GettingStarted\GettingStarted.csproj", "{E3C5BF11-1DDA-48D3-832A-E79C41290611}"
EndProject
Project("{9A19103F-16F7-4668-BE54-9A1E7A4F7556}") = "MVCApp", "MVCApp\MVCApp.csproj", "{2EF5F4F3-74F9-4D82-B572-63059D0E5A29}"
EndProject
Project("{9A19103F-16F7-4668-BE54-9A1E7A4F7556}") = "Core", "Core\Core.csproj", "{409E4D66-A021-409F-BCCE-FF6F90902473}"
EndProject
Project("{9A19103F-16F7-4668-BE54-9A1E7A4F7556}") = "Infrastructure", "Infrastructure\Infrastructure.csproj", "{142055BB-5948-4730-B1A6-1B289DE7478D}"
EndProject
Project("{9A19103F-16F7-4668-BE54-9A1E7A4F7556}") = "CDN", "CDN\CDN.csproj", "{6BB81104-634C-4DEF-AB4A-EAB9CC30241E}"
EndProject
Project("{FAE04EC0-301F-11D3-BF4B-00C04F79EFBC}") = "Tests", "Tests\Tests.csproj", "{5E1BEA19-9179-40B3-8AED-E2A860961AE7}"
EndProject
Global
	GlobalSection(SolutionConfigurationPlatforms) = preSolution
		Debug|Any CPU = Debug|Any CPU
		Release|Any CPU = Release|Any CPU
	EndGlobalSection
	GlobalSection(ProjectConfigurationPlatforms) = postSolution
		{E3C5BF11-1DDA-48D3-832A-E79C41290611}.Debug|Any CPU.ActiveCfg = Debug|Any CPU
		{E3C5BF11-1DDA-48D3-832A-E79C41290611}.Debug|Any CPU.Build.0 = Debug|Any CPU
		{E3C5BF11-1DDA-48D3-832A-E79C41290611}.Release|Any CPU.ActiveCfg = Release|Any CPU
		{E3C5BF11-1DDA-48D3-832A-E79C41290611}.Release|Any CPU.Build.0 = Release|Any CPU
		{2EF5F4F3-74F9-4D82-B572-63059D0E5A29}.Debug|Any CPU.ActiveCfg = Debug|Any CPU
		{2EF5F4F3-74F9-4D82-B572-63059D0E5A29}.Debug|Any CPU.Build.0 = Debug|Any CPU
		{2EF5F4F3-74F9-4D82-B572-63059D0E5A29}.Release|Any CPU.ActiveCfg = Release|Any CPU
		{2EF5F4F3-74F9-4D82-B572-63059D0E5A29}.Release|Any CPU.Build.0 = Release|Any CPU
		{409E4D66-A021-409F-BCCE-FF6F90902473}.Debug|Any CPU.ActiveCfg = Debug|Any CPU
		{409E4D66-A021-409F-BCCE-FF6F90902473}.Debug|Any CPU.Build.0 = Debug|Any CPU
		{409E4D66-A021-409F-BCCE-FF6F90902473}.Release|Any CPU.ActiveCfg = Release|Any CPU
		{409E4D66-A021-409F-BCCE-FF6F90902473}.Release|Any CPU.Build.0 = Release|Any CPU
		{142055BB-5948-4730-B1A6-1B289DE7478D}.Debug|Any CPU.ActiveCfg = Debug|Any CPU
		{142055BB-5948-4730-B1A6-1B289DE7478D}.Debug|Any CPU.Build.0 = Debug|Any CPU
		{142055BB-5948-4730-B1A6-1B289DE7478D}.Release|Any CPU.ActiveCfg = Release|Any CPU
		{142055BB-5948-4730-B1A6-1B289DE7478D}.Release|Any CPU.Build.0 = Release|Any CPU
		{6BB81104-634C-4DEF-AB4A-EAB9CC30241E}.Debug|Any CPU.ActiveCfg = Debug|Any CPU
		{6BB81104-634C-4DEF-AB4A-EAB9CC30241E}.Debug|Any CPU.Build.0 = Debug|Any CPU
		{6BB81104-634C-4DEF-AB4A-EAB9CC30241E}.Release|Any CPU.ActiveCfg = Release|Any CPU
		{6BB81104-634C-4DEF-AB4A-EAB9CC30241E}.Release|Any CPU.Build.0 = Release|Any CPU
		{5E1BEA19-9179-40B3-8AED-E2A860961AE7}.Debug|Any CPU.ActiveCfg = Debug|Any CPU
		{5E1BEA19-9179-40B3-8AED-E2A860961AE7}.Debug|Any CPU.Build.0 = Debug|Any CPU
		{5E1BEA19-9179-40B3-8AED-E2A860961AE7}.Release|Any CPU.ActiveCfg = Release|Any CPU
		{5E1BEA19-9179-40B3-8AED-E2A860961AE7}.Release|Any CPU.Build.0 = Release|Any CPU
	EndGlobalSection
	GlobalSection(SolutionProperties) = preSolution
		HideSolutionNode = FALSE
	EndGlobalSection
	GlobalSection(ExtensibilityGlobals) = postSolution
		SolutionGuid = {F3145CFC-1E5F-47F9-93B5-70D6D989EC2C}
	EndGlobalSection
EndGlobal
